
Microsoft Visual Studio Solution File, Format Version 12.00
# Visual Studio Version 17
VisualStudioVersion = 17.0.31903.59
MinimumVisualStudioVersion = 10.0.40219.1
Project("{FAE04EC0-301F-11D3-BF4B-00C04F79EFBC}") = "OfficeAttendanceAPI", "OfficeAttendanceAPI\OfficeAttendanceAPI.csproj", "{F48FC8A4-1065-46D6-975B-769162B1BEAA}"
EndProject
Project("{FAE04EC0-301F-11D3-BF4B-00C04F79EFBC}") = "OfficeAttendanceAPI.Core", "OfficeAttendanceAPI.Core\OfficeAttendanceAPI.Core.csproj", "{002E4AF2-1B17-47B1-B74E-08FD036C33E0}"
EndProject
Project("{FAE04EC0-301F-11D3-BF4B-00C04F79EFBC}") = "OfficeAttendanceAPI.Application", "OfficeAttendanceAPI.Application\OfficeAttendanceAPI.Application.csproj", "{83CD5468-F148-47D2-A08C-5D75AE6256E1}"
EndProject
Project("{FAE04EC0-301F-11D3-BF4B-00C04F79EFBC}") = "OfficeAttendanceAPI.Infrastructure", "OfficeAttendanceAPI.Infrastructure\OfficeAttendanceAPI.Infrastructure.csproj", "{56C3E358-0B58-4927-B897-99A9FA17EB7C}"
EndProject
Project("{FAE04EC0-301F-11D3-BF4B-00C04F79EFBC}") = "OfficeAttendanceAPI.Tests", "OfficeAttendanceAPI.Tests\OfficeAttendanceAPI.Tests.csproj", "{7B7A59C6-9ED7-4217-A7CA-E209DDB3A75B}"
EndProject
Global
	GlobalSection(SolutionConfigurationPlatforms) = preSolution
		Debug|Any CPU = Debug|Any CPU
		Release|Any CPU = Release|Any CPU
	EndGlobalSection
	GlobalSection(SolutionProperties) = preSolution
		HideSolutionNode = FALSE
	EndGlobalSection
	GlobalSection(ProjectConfigurationPlatforms) = postSolution
		{F48FC8A4-1065-46D6-975B-769162B1BEAA}.Debug|Any CPU.ActiveCfg = Debug|Any CPU
		{F48FC8A4-1065-46D6-975B-769162B1BEAA}.Debug|Any CPU.Build.0 = Debug|Any CPU
		{F48FC8A4-1065-46D6-975B-769162B1BEAA}.Release|Any CPU.ActiveCfg = Release|Any CPU
		{F48FC8A4-1065-46D6-975B-769162B1BEAA}.Release|Any CPU.Build.0 = Release|Any CPU
		{002E4AF2-1B17-47B1-B74E-08FD036C33E0}.Debug|Any CPU.ActiveCfg = Debug|Any CPU
		{002E4AF2-1B17-47B1-B74E-08FD036C33E0}.Debug|Any CPU.Build.0 = Debug|Any CPU
		{002E4AF2-1B17-47B1-B74E-08FD036C33E0}.Release|Any CPU.ActiveCfg = Release|Any CPU
		{002E4AF2-1B17-47B1-B74E-08FD036C33E0}.Release|Any CPU.Build.0 = Release|Any CPU
		{83CD5468-F148-47D2-A08C-5D75AE6256E1}.Debug|Any CPU.ActiveCfg = Debug|Any CPU
		{83CD5468-F148-47D2-A08C-5D75AE6256E1}.Debug|Any CPU.Build.0 = Debug|Any CPU
		{83CD5468-F148-47D2-A08C-5D75AE6256E1}.Release|Any CPU.ActiveCfg = Release|Any CPU
		{83CD5468-F148-47D2-A08C-5D75AE6256E1}.Release|Any CPU.Build.0 = Release|Any CPU
		{56C3E358-0B58-4927-B897-99A9FA17EB7C}.Debug|Any CPU.ActiveCfg = Debug|Any CPU
		{56C3E358-0B58-4927-B897-99A9FA17EB7C}.Debug|Any CPU.Build.0 = Debug|Any CPU
		{56C3E358-0B58-4927-B897-99A9FA17EB7C}.Release|Any CPU.ActiveCfg = Release|Any CPU
		{56C3E358-0B58-4927-B897-99A9FA17EB7C}.Release|Any CPU.Build.0 = Release|Any CPU
		{7B7A59C6-9ED7-4217-A7CA-E209DDB3A75B}.Debug|Any CPU.ActiveCfg = Debug|Any CPU
		{7B7A59C6-9ED7-4217-A7CA-E209DDB3A75B}.Debug|Any CPU.Build.0 = Debug|Any CPU
		{7B7A59C6-9ED7-4217-A7CA-E209DDB3A75B}.Release|Any CPU.ActiveCfg = Release|Any CPU
		{7B7A59C6-9ED7-4217-A7CA-E209DDB3A75B}.Release|Any CPU.Build.0 = Release|Any CPU
	EndGlobalSection
EndGlobal
