
Microsoft Visual Studio Solution File, Format Version 12.00
# Visual Studio Version 17
VisualStudioVersion = 17.0.31903.59
MinimumVisualStudioVersion = 10.0.40219.1
Project("{FAE04EC0-301F-11D3-BF4B-00C04F79EFBC}") = "OfficeAttendance.Application", "OfficeAttendance.Application\OfficeAttendance.Application.csproj", "{35375F1D-4EF5-4F50-AB97-0824C77E0883}"
EndProject
Project("{FAE04EC0-301F-11D3-BF4B-00C04F79EFBC}") = "OfficeAttendance.Core", "OfficeAttendance.Core\OfficeAttendance.Core.csproj", "{22755023-FA1E-4A40-89B3-A5FF7D974931}"
EndProject
Project("{FAE04EC0-301F-11D3-BF4B-00C04F79EFBC}") = "OfficeAttendance.Infrastructure", "OfficeAttendance.Infrastructure\OfficeAttendance.Infrastructure.csproj", "{180ACDF1-3CB8-4372-9B19-C5619E262342}"
EndProject
Project("{FAE04EC0-301F-11D3-BF4B-00C04F79EFBC}") = "OfficeAttendance.Tests", "OfficeAttendance.Tests\OfficeAttendance.Tests.csproj", "{6BAAA3B0-1CD9-4003-B767-723A2056E965}"
EndProject
Project("{FAE04EC0-301F-11D3-BF4B-00C04F79EFBC}") = "OfficeAttendance.WebAPI", "OfficeAttendance.WebAPI\OfficeAttendance.WebAPI.csproj", "{D69ECB52-D6CD-448C-8BF6-8E233CE951BD}"
EndProject
Global
	GlobalSection(SolutionConfigurationPlatforms) = preSolution
		Debug|Any CPU = Debug|Any CPU
		Release|Any CPU = Release|Any CPU
	EndGlobalSection
	GlobalSection(SolutionProperties) = preSolution
		HideSolutionNode = FALSE
	EndGlobalSection
	GlobalSection(ProjectConfigurationPlatforms) = postSolution
		{35375F1D-4EF5-4F50-AB97-0824C77E0883}.Debug|Any CPU.ActiveCfg = Debug|Any CPU
		{35375F1D-4EF5-4F50-AB97-0824C77E0883}.Debug|Any CPU.Build.0 = Debug|Any CPU
		{35375F1D-4EF5-4F50-AB97-0824C77E0883}.Release|Any CPU.ActiveCfg = Release|Any CPU
		{35375F1D-4EF5-4F50-AB97-0824C77E0883}.Release|Any CPU.Build.0 = Release|Any CPU
		{22755023-FA1E-4A40-89B3-A5FF7D974931}.Debug|Any CPU.ActiveCfg = Debug|Any CPU
		{22755023-FA1E-4A40-89B3-A5FF7D974931}.Debug|Any CPU.Build.0 = Debug|Any CPU
		{22755023-FA1E-4A40-89B3-A5FF7D974931}.Release|Any CPU.ActiveCfg = Release|Any CPU
		{22755023-FA1E-4A40-89B3-A5FF7D974931}.Release|Any CPU.Build.0 = Release|Any CPU
		{180ACDF1-3CB8-4372-9B19-C5619E262342}.Debug|Any CPU.ActiveCfg = Debug|Any CPU
		{180ACDF1-3CB8-4372-9B19-C5619E262342}.Debug|Any CPU.Build.0 = Debug|Any CPU
		{180ACDF1-3CB8-4372-9B19-C5619E262342}.Release|Any CPU.ActiveCfg = Release|Any CPU
		{180ACDF1-3CB8-4372-9B19-C5619E262342}.Release|Any CPU.Build.0 = Release|Any CPU
		{6BAAA3B0-1CD9-4003-B767-723A2056E965}.Debug|Any CPU.ActiveCfg = Debug|Any CPU
		{6BAAA3B0-1CD9-4003-B767-723A2056E965}.Debug|Any CPU.Build.0 = Debug|Any CPU
		{6BAAA3B0-1CD9-4003-B767-723A2056E965}.Release|Any CPU.ActiveCfg = Release|Any CPU
		{6BAAA3B0-1CD9-4003-B767-723A2056E965}.Release|Any CPU.Build.0 = Release|Any CPU
		{D69ECB52-D6CD-448C-8BF6-8E233CE951BD}.Debug|Any CPU.ActiveCfg = Debug|Any CPU
		{D69ECB52-D6CD-448C-8BF6-8E233CE951BD}.Debug|Any CPU.Build.0 = Debug|Any CPU
		{D69ECB52-D6CD-448C-8BF6-8E233CE951BD}.Release|Any CPU.ActiveCfg = Release|Any CPU
		{D69ECB52-D6CD-448C-8BF6-8E233CE951BD}.Release|Any CPU.Build.0 = Release|Any CPU
	EndGlobalSection
EndGlobal
